
Microsoft Visual Studio Solution File, Format Version 11.00
# Visual Studio 2010
Project("{E097FAD1-6243-4DAD-9C02-E9B9EFC3FFC1}") = "Assembly-CSharp", "Assembly-CSharp.csproj", "{08F7B4AF-7126-7240-FD67-54F010E08C3F}"
EndProject
Project("{E097FAD1-6243-4DAD-9C02-E9B9EFC3FFC1}") = "Assembly-CSharp-Editor-firstpass", "Assembly-CSharp-Editor-firstpass.csproj", "{0C84B9BD-B4E8-5495-4BD4-4EDEA951862B}"
EndProject
Global
	GlobalSection(SolutionConfigurationPlatforms) = preSolution
		Debug|Any CPU = Debug|Any CPU
		Release|Any CPU = Release|Any CPU
	EndGlobalSection
	GlobalSection(ProjectConfigurationPlatforms) = postSolution
		{08F7B4AF-7126-7240-FD67-54F010E08C3F}.Debug|Any CPU.ActiveCfg = Debug|Any CPU
		{08F7B4AF-7126-7240-FD67-54F010E08C3F}.Debug|Any CPU.Build.0 = Debug|Any CPU
		{08F7B4AF-7126-7240-FD67-54F010E08C3F}.Release|Any CPU.ActiveCfg = Release|Any CPU
		{08F7B4AF-7126-7240-FD67-54F010E08C3F}.Release|Any CPU.Build.0 = Release|Any CPU
		{0C84B9BD-B4E8-5495-4BD4-4EDEA951862B}.Debug|Any CPU.ActiveCfg = Debug|Any CPU
		{0C84B9BD-B4E8-5495-4BD4-4EDEA951862B}.Debug|Any CPU.Build.0 = Debug|Any CPU
		{0C84B9BD-B4E8-5495-4BD4-4EDEA951862B}.Release|Any CPU.ActiveCfg = Release|Any CPU
		{0C84B9BD-B4E8-5495-4BD4-4EDEA951862B}.Release|Any CPU.Build.0 = Release|Any CPU
	EndGlobalSection
	GlobalSection(SolutionProperties) = preSolution
		HideSolutionNode = FALSE
	EndGlobalSection
	GlobalSection(MonoDevelopProperties) = preSolution
		StartupItem = Assembly-CSharp.csproj
	EndGlobalSection
EndGlobal
